// !$*UTF8*$!
{
	archiveVersion = 1;
	classes = {
	};
	objectVersion = 56;
	objects = {

/* Begin PBXBuildFile section */
		141882B72909701B007CD2EB /* Camera.swift in Sources */ = {isa = PBXBuildFile; fileRef = 141882B62909701B007CD2EB /* Camera.swift */; };
		141882B92909705A007CD2EB /* Photo.swift in Sources */ = {isa = PBXBuildFile; fileRef = 141882B82909705A007CD2EB /* Photo.swift */; };
		141882BB290970C0007CD2EB /* OS.swift in Sources */ = {isa = PBXBuildFile; fileRef = 141882BA290970C0007CD2EB /* OS.swift */; };
		141882BD290972D2007CD2EB /* Mac.swift in Sources */ = {isa = PBXBuildFile; fileRef = 141882BC290972D2007CD2EB /* Mac.swift */; };
		142D6B2D28F03FD100894167 /* Thash.swift in Sources */ = {isa = PBXBuildFile; fileRef = 142D6B2C28F03FD100894167 /* Thash.swift */; };
		142D6B2F28F0405800894167 /* PaletteChooses.swift in Sources */ = {isa = PBXBuildFile; fileRef = 142D6B2E28F0405800894167 /* PaletteChooses.swift */; };
		142D6B3128F04E0700894167 /* PaletteEditor.swift in Sources */ = {isa = PBXBuildFile; fileRef = 142D6B3028F04E0700894167 /* PaletteEditor.swift */; };
		142D6B3328F0603700894167 /* PaletteManager.swift in Sources */ = {isa = PBXBuildFile; fileRef = 142D6B3228F0603700894167 /* PaletteManager.swift */; };
		14349F6428EC56F800B85C2A /* ImagemojiApp.swift in Sources */ = {isa = PBXBuildFile; fileRef = 14349F6328EC56F800B85C2A /* ImagemojiApp.swift */; };
		14349F6628EC56F800B85C2A /* ImagemojiDocumentView.swift in Sources */ = {isa = PBXBuildFile; fileRef = 14349F6528EC56F800B85C2A /* ImagemojiDocumentView.swift */; };
		14349F6828EC56F900B85C2A /* Assets.xcassets in Resources */ = {isa = PBXBuildFile; fileRef = 14349F6728EC56F900B85C2A /* Assets.xcassets */; };
		14349F6B28EC56F900B85C2A /* Preview Assets.xcassets in Resources */ = {isa = PBXBuildFile; fileRef = 14349F6A28EC56F900B85C2A /* Preview Assets.xcassets */; };
		14349F7528EC56F900B85C2A /* ImagemojiTests.swift in Sources */ = {isa = PBXBuildFile; fileRef = 14349F7428EC56F900B85C2A /* ImagemojiTests.swift */; };
		14349F7F28EC56F900B85C2A /* ImagemojiUITests.swift in Sources */ = {isa = PBXBuildFile; fileRef = 14349F7E28EC56F900B85C2A /* ImagemojiUITests.swift */; };
		14349F8128EC56F900B85C2A /* ImagemojiUITestsLaunchTests.swift in Sources */ = {isa = PBXBuildFile; fileRef = 14349F8028EC56F900B85C2A /* ImagemojiUITestsLaunchTests.swift */; };
		14349F8E28EC579100B85C2A /* ImagemojiModel.swift in Sources */ = {isa = PBXBuildFile; fileRef = 14349F8D28EC579100B85C2A /* ImagemojiModel.swift */; };
		14349F9028EC5D3A00B85C2A /* ImagemojiModelBackground.swift in Sources */ = {isa = PBXBuildFile; fileRef = 14349F8F28EC5D3A00B85C2A /* ImagemojiModelBackground.swift */; };
		14349F9228EC5F6A00B85C2A /* ImagemojiDocument.swift in Sources */ = {isa = PBXBuildFile; fileRef = 14349F9128EC5F6A00B85C2A /* ImagemojiDocument.swift */; };
		14349F9428EC64BA00B85C2A /* UtilityExtensions.swift in Sources */ = {isa = PBXBuildFile; fileRef = 14349F9328EC64BA00B85C2A /* UtilityExtensions.swift */; };
		14349F9628EC684D00B85C2A /* UtilityViews.swift in Sources */ = {isa = PBXBuildFile; fileRef = 14349F9528EC684D00B85C2A /* UtilityViews.swift */; };
		14349F9828EF09F300B85C2A /* PaletteStore.swift in Sources */ = {isa = PBXBuildFile; fileRef = 14349F9728EF09F300B85C2A /* PaletteStore.swift */; };
/* End PBXBuildFile section */

/* Begin PBXContainerItemProxy section */
		14349F7128EC56F900B85C2A /* PBXContainerItemProxy */ = {
			isa = PBXContainerItemProxy;
			containerPortal = 14349F5828EC56F800B85C2A /* Project object */;
			proxyType = 1;
			remoteGlobalIDString = 14349F5F28EC56F800B85C2A;
			remoteInfo = Imagemoji;
		};
		14349F7B28EC56F900B85C2A /* PBXContainerItemProxy */ = {
			isa = PBXContainerItemProxy;
			containerPortal = 14349F5828EC56F800B85C2A /* Project object */;
			proxyType = 1;
			remoteGlobalIDString = 14349F5F28EC56F800B85C2A;
			remoteInfo = Imagemoji;
		};
/* End PBXContainerItemProxy section */

/* Begin PBXFileReference section */
		141882B62909701B007CD2EB /* Camera.swift */ = {isa = PBXFileReference; lastKnownFileType = sourcecode.swift; path = Camera.swift; sourceTree = "<group>"; };
		141882B82909705A007CD2EB /* Photo.swift */ = {isa = PBXFileReference; lastKnownFileType = sourcecode.swift; path = Photo.swift; sourceTree = "<group>"; };
		141882BA290970C0007CD2EB /* OS.swift */ = {isa = PBXFileReference; lastKnownFileType = sourcecode.swift; path = OS.swift; sourceTree = "<group>"; };
		141882BC290972D2007CD2EB /* Mac.swift */ = {isa = PBXFileReference; lastKnownFileType = sourcecode.swift; path = Mac.swift; sourceTree = "<group>"; };
		142D6B2C28F03FD100894167 /* Thash.swift */ = {isa = PBXFileReference; lastKnownFileType = sourcecode.swift; path = Thash.swift; sourceTree = "<group>"; };
		142D6B2E28F0405800894167 /* PaletteChooses.swift */ = {isa = PBXFileReference; lastKnownFileType = sourcecode.swift; path = PaletteChooses.swift; sourceTree = "<group>"; };
		142D6B3028F04E0700894167 /* PaletteEditor.swift */ = {isa = PBXFileReference; lastKnownFileType = sourcecode.swift; path = PaletteEditor.swift; sourceTree = "<group>"; };
		142D6B3228F0603700894167 /* PaletteManager.swift */ = {isa = PBXFileReference; lastKnownFileType = sourcecode.swift; path = PaletteManager.swift; sourceTree = "<group>"; };
		14349F6028EC56F800B85C2A /* Imagemoji.app */ = {isa = PBXFileReference; explicitFileType = wrapper.application; includeInIndex = 0; path = Imagemoji.app; sourceTree = BUILT_PRODUCTS_DIR; };
		14349F6328EC56F800B85C2A /* ImagemojiApp.swift */ = {isa = PBXFileReference; lastKnownFileType = sourcecode.swift; path = ImagemojiApp.swift; sourceTree = "<group>"; };
		14349F6528EC56F800B85C2A /* ImagemojiDocumentView.swift */ = {isa = PBXFileReference; lastKnownFileType = sourcecode.swift; path = ImagemojiDocumentView.swift; sourceTree = "<group>"; };
		14349F6728EC56F900B85C2A /* Assets.xcassets */ = {isa = PBXFileReference; lastKnownFileType = folder.assetcatalog; path = Assets.xcassets; sourceTree = "<group>"; };
		14349F6A28EC56F900B85C2A /* Preview Assets.xcassets */ = {isa = PBXFileReference; lastKnownFileType = folder.assetcatalog; path = "Preview Assets.xcassets"; sourceTree = "<group>"; };
		14349F7028EC56F900B85C2A /* ImagemojiTests.xctest */ = {isa = PBXFileReference; explicitFileType = wrapper.cfbundle; includeInIndex = 0; path = ImagemojiTests.xctest; sourceTree = BUILT_PRODUCTS_DIR; };
		14349F7428EC56F900B85C2A /* ImagemojiTests.swift */ = {isa = PBXFileReference; lastKnownFileType = sourcecode.swift; path = ImagemojiTests.swift; sourceTree = "<group>"; };
		14349F7A28EC56F900B85C2A /* ImagemojiUITests.xctest */ = {isa = PBXFileReference; explicitFileType = wrapper.cfbundle; includeInIndex = 0; path = ImagemojiUITests.xctest; sourceTree = BUILT_PRODUCTS_DIR; };
		14349F7E28EC56F900B85C2A /* ImagemojiUITests.swift */ = {isa = PBXFileReference; lastKnownFileType = sourcecode.swift; path = ImagemojiUITests.swift; sourceTree = "<group>"; };
		14349F8028EC56F900B85C2A /* ImagemojiUITestsLaunchTests.swift */ = {isa = PBXFileReference; lastKnownFileType = sourcecode.swift; path = ImagemojiUITestsLaunchTests.swift; sourceTree = "<group>"; };
		14349F8D28EC579100B85C2A /* ImagemojiModel.swift */ = {isa = PBXFileReference; lastKnownFileType = sourcecode.swift; path = ImagemojiModel.swift; sourceTree = "<group>"; };
		14349F8F28EC5D3A00B85C2A /* ImagemojiModelBackground.swift */ = {isa = PBXFileReference; lastKnownFileType = sourcecode.swift; path = ImagemojiModelBackground.swift; sourceTree = "<group>"; };
		14349F9128EC5F6A00B85C2A /* ImagemojiDocument.swift */ = {isa = PBXFileReference; lastKnownFileType = sourcecode.swift; path = ImagemojiDocument.swift; sourceTree = "<group>"; };
		14349F9328EC64BA00B85C2A /* UtilityExtensions.swift */ = {isa = PBXFileReference; lastKnownFileType = sourcecode.swift; path = UtilityExtensions.swift; sourceTree = "<group>"; };
		14349F9528EC684D00B85C2A /* UtilityViews.swift */ = {isa = PBXFileReference; lastKnownFileType = sourcecode.swift; path = UtilityViews.swift; sourceTree = "<group>"; };
		14349F9728EF09F300B85C2A /* PaletteStore.swift */ = {isa = PBXFileReference; lastKnownFileType = sourcecode.swift; path = PaletteStore.swift; sourceTree = "<group>"; };
		14A8AB2328F20EFB0070B10F /* Info.plist */ = {isa = PBXFileReference; lastKnownFileType = text.plist; path = Info.plist; sourceTree = "<group>"; };
/* End PBXFileReference section */

/* Begin PBXFrameworksBuildPhase section */
		14349F5D28EC56F800B85C2A /* Frameworks */ = {
			isa = PBXFrameworksBuildPhase;
			buildActionMask = 2147483647;
			files = (
			);
			runOnlyForDeploymentPostprocessing = 0;
		};
		14349F6D28EC56F900B85C2A /* Frameworks */ = {
			isa = PBXFrameworksBuildPhase;
			buildActionMask = 2147483647;
			files = (
			);
			runOnlyForDeploymentPostprocessing = 0;
		};
		14349F7728EC56F900B85C2A /* Frameworks */ = {
			isa = PBXFrameworksBuildPhase;
			buildActionMask = 2147483647;
			files = (
			);
			runOnlyForDeploymentPostprocessing = 0;
		};
/* End PBXFrameworksBuildPhase section */

/* Begin PBXGroup section */
		14349F5728EC56F800B85C2A = {
			isa = PBXGroup;
			children = (
				14349F6228EC56F800B85C2A /* Imagemoji */,
				14349F7328EC56F900B85C2A /* ImagemojiTests */,
				14349F7D28EC56F900B85C2A /* ImagemojiUITests */,
				14349F6128EC56F800B85C2A /* Products */,
			);
			sourceTree = "<group>";
		};
		14349F6128EC56F800B85C2A /* Products */ = {
			isa = PBXGroup;
			children = (
				14349F6028EC56F800B85C2A /* Imagemoji.app */,
				14349F7028EC56F900B85C2A /* ImagemojiTests.xctest */,
				14349F7A28EC56F900B85C2A /* ImagemojiUITests.xctest */,
			);
			name = Products;
			sourceTree = "<group>";
		};
		14349F6228EC56F800B85C2A /* Imagemoji */ = {
			isa = PBXGroup;
			children = (
				14A8AB2328F20EFB0070B10F /* Info.plist */,
				14349F6328EC56F800B85C2A /* ImagemojiApp.swift */,
				14349F6528EC56F800B85C2A /* ImagemojiDocumentView.swift */,
				142D6B2E28F0405800894167 /* PaletteChooses.swift */,
				142D6B3028F04E0700894167 /* PaletteEditor.swift */,
				142D6B3228F0603700894167 /* PaletteManager.swift */,
				14349F9128EC5F6A00B85C2A /* ImagemojiDocument.swift */,
				14349F9728EF09F300B85C2A /* PaletteStore.swift */,
				14349F8D28EC579100B85C2A /* ImagemojiModel.swift */,
				14349F8F28EC5D3A00B85C2A /* ImagemojiModelBackground.swift */,
				141882B62909701B007CD2EB /* Camera.swift */,
				141882B82909705A007CD2EB /* Photo.swift */,
				141882BA290970C0007CD2EB /* OS.swift */,
				141882BC290972D2007CD2EB /* Mac.swift */,
				14349F9328EC64BA00B85C2A /* UtilityExtensions.swift */,
				14349F9528EC684D00B85C2A /* UtilityViews.swift */,
				142D6B2C28F03FD100894167 /* Thash.swift */,
				14349F6728EC56F900B85C2A /* Assets.xcassets */,
				14349F6928EC56F900B85C2A /* Preview Content */,
			);
			path = Imagemoji;
			sourceTree = "<group>";
		};
		14349F6928EC56F900B85C2A /* Preview Content */ = {
			isa = PBXGroup;
			children = (
				14349F6A28EC56F900B85C2A /* Preview Assets.xcassets */,
			);
			path = "Preview Content";
			sourceTree = "<group>";
		};
		14349F7328EC56F900B85C2A /* ImagemojiTests */ = {
			isa = PBXGroup;
			children = (
				14349F7428EC56F900B85C2A /* ImagemojiTests.swift */,
			);
			path = ImagemojiTests;
			sourceTree = "<group>";
		};
		14349F7D28EC56F900B85C2A /* ImagemojiUITests */ = {
			isa = PBXGroup;
			children = (
				14349F7E28EC56F900B85C2A /* ImagemojiUITests.swift */,
				14349F8028EC56F900B85C2A /* ImagemojiUITestsLaunchTests.swift */,
			);
			path = ImagemojiUITests;
			sourceTree = "<group>";
		};
/* End PBXGroup section */

/* Begin PBXNativeTarget section */
		14349F5F28EC56F800B85C2A /* Imagemoji */ = {
			isa = PBXNativeTarget;
			buildConfigurationList = 14349F8428EC56F900B85C2A /* Build configuration list for PBXNativeTarget "Imagemoji" */;
			buildPhases = (
				14349F5C28EC56F800B85C2A /* Sources */,
				14349F5D28EC56F800B85C2A /* Frameworks */,
				14349F5E28EC56F800B85C2A /* Resources */,
				140F42682909A92300EBE7D8 /* ShellScript */,
			);
			buildRules = (
			);
			dependencies = (
			);
			name = Imagemoji;
			productName = Imagemoji;
			productReference = 14349F6028EC56F800B85C2A /* Imagemoji.app */;
			productType = "com.apple.product-type.application";
		};
		14349F6F28EC56F900B85C2A /* ImagemojiTests */ = {
			isa = PBXNativeTarget;
			buildConfigurationList = 14349F8728EC56F900B85C2A /* Build configuration list for PBXNativeTarget "ImagemojiTests" */;
			buildPhases = (
				14349F6C28EC56F900B85C2A /* Sources */,
				14349F6D28EC56F900B85C2A /* Frameworks */,
				14349F6E28EC56F900B85C2A /* Resources */,
			);
			buildRules = (
			);
			dependencies = (
				14349F7228EC56F900B85C2A /* PBXTargetDependency */,
			);
			name = ImagemojiTests;
			productName = ImagemojiTests;
			productReference = 14349F7028EC56F900B85C2A /* ImagemojiTests.xctest */;
			productType = "com.apple.product-type.bundle.unit-test";
		};
		14349F7928EC56F900B85C2A /* ImagemojiUITests */ = {
			isa = PBXNativeTarget;
			buildConfigurationList = 14349F8A28EC56F900B85C2A /* Build configuration list for PBXNativeTarget "ImagemojiUITests" */;
			buildPhases = (
				14349F7628EC56F900B85C2A /* Sources */,
				14349F7728EC56F900B85C2A /* Frameworks */,
				14349F7828EC56F900B85C2A /* Resources */,
			);
			buildRules = (
			);
			dependencies = (
				14349F7C28EC56F900B85C2A /* PBXTargetDependency */,
			);
			name = ImagemojiUITests;
			productName = ImagemojiUITests;
			productReference = 14349F7A28EC56F900B85C2A /* ImagemojiUITests.xctest */;
			productType = "com.apple.product-type.bundle.ui-testing";
		};
/* End PBXNativeTarget section */

/* Begin PBXProject section */
		14349F5828EC56F800B85C2A /* Project object */ = {
			isa = PBXProject;
			attributes = {
				BuildIndependentTargetsInParallel = 1;
				LastSwiftUpdateCheck = 1400;
				LastUpgradeCheck = 1400;
				TargetAttributes = {
					14349F5F28EC56F800B85C2A = {
						CreatedOnToolsVersion = 14.0.1;
					};
					14349F6F28EC56F900B85C2A = {
						CreatedOnToolsVersion = 14.0.1;
						TestTargetID = 14349F5F28EC56F800B85C2A;
					};
					14349F7928EC56F900B85C2A = {
						CreatedOnToolsVersion = 14.0.1;
						TestTargetID = 14349F5F28EC56F800B85C2A;
					};
				};
			};
			buildConfigurationList = 14349F5B28EC56F800B85C2A /* Build configuration list for PBXProject "Imagemoji" */;
			compatibilityVersion = "Xcode 14.0";
			developmentRegion = en;
			hasScannedForEncodings = 0;
			knownRegions = (
				en,
				Base,
			);
			mainGroup = 14349F5728EC56F800B85C2A;
			productRefGroup = 14349F6128EC56F800B85C2A /* Products */;
			projectDirPath = "";
			projectRoot = "";
			targets = (
				14349F5F28EC56F800B85C2A /* Imagemoji */,
				14349F6F28EC56F900B85C2A /* ImagemojiTests */,
				14349F7928EC56F900B85C2A /* ImagemojiUITests */,
			);
		};
/* End PBXProject section */

/* Begin PBXResourcesBuildPhase section */
		14349F5E28EC56F800B85C2A /* Resources */ = {
			isa = PBXResourcesBuildPhase;
			buildActionMask = 2147483647;
			files = (
				14349F6B28EC56F900B85C2A /* Preview Assets.xcassets in Resources */,
				14349F6828EC56F900B85C2A /* Assets.xcassets in Resources */,
			);
			runOnlyForDeploymentPostprocessing = 0;
		};
		14349F6E28EC56F900B85C2A /* Resources */ = {
			isa = PBXResourcesBuildPhase;
			buildActionMask = 2147483647;
			files = (
			);
			runOnlyForDeploymentPostprocessing = 0;
		};
		14349F7828EC56F900B85C2A /* Resources */ = {
			isa = PBXResourcesBuildPhase;
			buildActionMask = 2147483647;
			files = (
			);
			runOnlyForDeploymentPostprocessing = 0;
		};
/* End PBXResourcesBuildPhase section */

/* Begin PBXShellScriptBuildPhase section */
		140F42682909A92300EBE7D8 /* ShellScript */ = {
			isa = PBXShellScriptBuildPhase;
			buildActionMask = 2147483647;
			files = (
			);
			inputFileListPaths = (
			);
			inputPaths = (
			);
			outputFileListPaths = (
			);
			outputPaths = (
			);
			runOnlyForDeploymentPostprocessing = 0;
			shellPath = /bin/sh;
			shellScript = "export PATH=\"$PATH:/opt/homebrew/bin\"\nif which swiftlint > /dev/null; then\n  swiftlint\nelse\n  echo \"warning: SwiftLint not installed, download from https://github.com/realm/SwiftLint\"\nfi\n";
		};
/* End PBXShellScriptBuildPhase section */

/* Begin PBXSourcesBuildPhase section */
		14349F5C28EC56F800B85C2A /* Sources */ = {
			isa = PBXSourcesBuildPhase;
			buildActionMask = 2147483647;
			files = (
				141882B92909705A007CD2EB /* Photo.swift in Sources */,
				14349F9628EC684D00B85C2A /* UtilityViews.swift in Sources */,
				142D6B2D28F03FD100894167 /* Thash.swift in Sources */,
				14349F9828EF09F300B85C2A /* PaletteStore.swift in Sources */,
				14349F9228EC5F6A00B85C2A /* ImagemojiDocument.swift in Sources */,
				141882BD290972D2007CD2EB /* Mac.swift in Sources */,
				142D6B2F28F0405800894167 /* PaletteChooses.swift in Sources */,
				142D6B3328F0603700894167 /* PaletteManager.swift in Sources */,
				14349F9028EC5D3A00B85C2A /* ImagemojiModelBackground.swift in Sources */,
				141882BB290970C0007CD2EB /* OS.swift in Sources */,
				142D6B3128F04E0700894167 /* PaletteEditor.swift in Sources */,
				14349F9428EC64BA00B85C2A /* UtilityExtensions.swift in Sources */,
				14349F8E28EC579100B85C2A /* ImagemojiModel.swift in Sources */,
				141882B72909701B007CD2EB /* Camera.swift in Sources */,
				14349F6628EC56F800B85C2A /* ImagemojiDocumentView.swift in Sources */,
				14349F6428EC56F800B85C2A /* ImagemojiApp.swift in Sources */,
			);
			runOnlyForDeploymentPostprocessing = 0;
		};
		14349F6C28EC56F900B85C2A /* Sources */ = {
			isa = PBXSourcesBuildPhase;
			buildActionMask = 2147483647;
			files = (
				14349F7528EC56F900B85C2A /* ImagemojiTests.swift in Sources */,
			);
			runOnlyForDeploymentPostprocessing = 0;
		};
		14349F7628EC56F900B85C2A /* Sources */ = {
			isa = PBXSourcesBuildPhase;
			buildActionMask = 2147483647;
			files = (
				14349F7F28EC56F900B85C2A /* ImagemojiUITests.swift in Sources */,
				14349F8128EC56F900B85C2A /* ImagemojiUITestsLaunchTests.swift in Sources */,
			);
			runOnlyForDeploymentPostprocessing = 0;
		};
/* End PBXSourcesBuildPhase section */

/* Begin PBXTargetDependency section */
		14349F7228EC56F900B85C2A /* PBXTargetDependency */ = {
			isa = PBXTargetDependency;
			target = 14349F5F28EC56F800B85C2A /* Imagemoji */;
			targetProxy = 14349F7128EC56F900B85C2A /* PBXContainerItemProxy */;
		};
		14349F7C28EC56F900B85C2A /* PBXTargetDependency */ = {
			isa = PBXTargetDependency;
			target = 14349F5F28EC56F800B85C2A /* Imagemoji */;
			targetProxy = 14349F7B28EC56F900B85C2A /* PBXContainerItemProxy */;
		};
/* End PBXTargetDependency section */

/* Begin XCBuildConfiguration section */
		14349F8228EC56F900B85C2A /* Debug */ = {
			isa = XCBuildConfiguration;
			buildSettings = {
				ALWAYS_SEARCH_USER_PATHS = NO;
				CLANG_ANALYZER_NONNULL = YES;
				CLANG_ANALYZER_NUMBER_OBJECT_CONVERSION = YES_AGGRESSIVE;
				CLANG_CXX_LANGUAGE_STANDARD = "gnu++20";
				CLANG_ENABLE_MODULES = YES;
				CLANG_ENABLE_OBJC_ARC = YES;
				CLANG_ENABLE_OBJC_WEAK = YES;
				CLANG_WARN_BLOCK_CAPTURE_AUTORELEASING = YES;
				CLANG_WARN_BOOL_CONVERSION = YES;
				CLANG_WARN_COMMA = YES;
				CLANG_WARN_CONSTANT_CONVERSION = YES;
				CLANG_WARN_DEPRECATED_OBJC_IMPLEMENTATIONS = YES;
				CLANG_WARN_DIRECT_OBJC_ISA_USAGE = YES_ERROR;
				CLANG_WARN_DOCUMENTATION_COMMENTS = YES;
				CLANG_WARN_EMPTY_BODY = YES;
				CLANG_WARN_ENUM_CONVERSION = YES;
				CLANG_WARN_INFINITE_RECURSION = YES;
				CLANG_WARN_INT_CONVERSION = YES;
				CLANG_WARN_NON_LITERAL_NULL_CONVERSION = YES;
				CLANG_WARN_OBJC_IMPLICIT_RETAIN_SELF = YES;
				CLANG_WARN_OBJC_LITERAL_CONVERSION = YES;
				CLANG_WARN_OBJC_ROOT_CLASS = YES_ERROR;
				CLANG_WARN_QUOTED_INCLUDE_IN_FRAMEWORK_HEADER = YES;
				CLANG_WARN_RANGE_LOOP_ANALYSIS = YES;
				CLANG_WARN_STRICT_PROTOTYPES = YES;
				CLANG_WARN_SUSPICIOUS_MOVE = YES;
				CLANG_WARN_UNGUARDED_AVAILABILITY = YES_AGGRESSIVE;
				CLANG_WARN_UNREACHABLE_CODE = YES;
				CLANG_WARN__DUPLICATE_METHOD_MATCH = YES;
				COPY_PHASE_STRIP = NO;
				DEBUG_INFORMATION_FORMAT = dwarf;
				ENABLE_STRICT_OBJC_MSGSEND = YES;
				ENABLE_TESTABILITY = YES;
				GCC_C_LANGUAGE_STANDARD = gnu11;
				GCC_DYNAMIC_NO_PIC = NO;
				GCC_NO_COMMON_BLOCKS = YES;
				GCC_OPTIMIZATION_LEVEL = 0;
				GCC_PREPROCESSOR_DEFINITIONS = (
					"DEBUG=1",
					"$(inherited)",
				);
				GCC_WARN_64_TO_32_BIT_CONVERSION = YES;
				GCC_WARN_ABOUT_RETURN_TYPE = YES_ERROR;
				GCC_WARN_UNDECLARED_SELECTOR = YES;
				GCC_WARN_UNINITIALIZED_AUTOS = YES_AGGRESSIVE;
				GCC_WARN_UNUSED_FUNCTION = YES;
				GCC_WARN_UNUSED_VARIABLE = YES;
				IPHONEOS_DEPLOYMENT_TARGET = 16.0;
				MTL_ENABLE_DEBUG_INFO = INCLUDE_SOURCE;
				MTL_FAST_MATH = YES;
				ONLY_ACTIVE_ARCH = YES;
				SDKROOT = iphoneos;
				SWIFT_ACTIVE_COMPILATION_CONDITIONS = DEBUG;
				SWIFT_OPTIMIZATION_LEVEL = "-Onone";
			};
			name = Debug;
		};
		14349F8328EC56F900B85C2A /* Release */ = {
			isa = XCBuildConfiguration;
			buildSettings = {
				ALWAYS_SEARCH_USER_PATHS = NO;
				CLANG_ANALYZER_NONNULL = YES;
				CLANG_ANALYZER_NUMBER_OBJECT_CONVERSION = YES_AGGRESSIVE;
				CLANG_CXX_LANGUAGE_STANDARD = "gnu++20";
				CLANG_ENABLE_MODULES = YES;
				CLANG_ENABLE_OBJC_ARC = YES;
				CLANG_ENABLE_OBJC_WEAK = YES;
				CLANG_WARN_BLOCK_CAPTURE_AUTORELEASING = YES;
				CLANG_WARN_BOOL_CONVERSION = YES;
				CLANG_WARN_COMMA = YES;
				CLANG_WARN_CONSTANT_CONVERSION = YES;
				CLANG_WARN_DEPRECATED_OBJC_IMPLEMENTATIONS = YES;
				CLANG_WARN_DIRECT_OBJC_ISA_USAGE = YES_ERROR;
				CLANG_WARN_DOCUMENTATION_COMMENTS = YES;
				CLANG_WARN_EMPTY_BODY = YES;
				CLANG_WARN_ENUM_CONVERSION = YES;
				CLANG_WARN_INFINITE_RECURSION = YES;
				CLANG_WARN_INT_CONVERSION = YES;
				CLANG_WARN_NON_LITERAL_NULL_CONVERSION = YES;
				CLANG_WARN_OBJC_IMPLICIT_RETAIN_SELF = YES;
				CLANG_WARN_OBJC_LITERAL_CONVERSION = YES;
				CLANG_WARN_OBJC_ROOT_CLASS = YES_ERROR;
				CLANG_WARN_QUOTED_INCLUDE_IN_FRAMEWORK_HEADER = YES;
				CLANG_WARN_RANGE_LOOP_ANALYSIS = YES;
				CLANG_WARN_STRICT_PROTOTYPES = YES;
				CLANG_WARN_SUSPICIOUS_MOVE = YES;
				CLANG_WARN_UNGUARDED_AVAILABILITY = YES_AGGRESSIVE;
				CLANG_WARN_UNREACHABLE_CODE = YES;
				CLANG_WARN__DUPLICATE_METHOD_MATCH = YES;
				COPY_PHASE_STRIP = NO;
				DEBUG_INFORMATION_FORMAT = "dwarf-with-dsym";
				ENABLE_NS_ASSERTIONS = NO;
				ENABLE_STRICT_OBJC_MSGSEND = YES;
				GCC_C_LANGUAGE_STANDARD = gnu11;
				GCC_NO_COMMON_BLOCKS = YES;
				GCC_WARN_64_TO_32_BIT_CONVERSION = YES;
				GCC_WARN_ABOUT_RETURN_TYPE = YES_ERROR;
				GCC_WARN_UNDECLARED_SELECTOR = YES;
				GCC_WARN_UNINITIALIZED_AUTOS = YES_AGGRESSIVE;
				GCC_WARN_UNUSED_FUNCTION = YES;
				GCC_WARN_UNUSED_VARIABLE = YES;
				IPHONEOS_DEPLOYMENT_TARGET = 16.0;
				MTL_ENABLE_DEBUG_INFO = NO;
				MTL_FAST_MATH = YES;
				SDKROOT = iphoneos;
				SWIFT_COMPILATION_MODE = wholemodule;
				SWIFT_OPTIMIZATION_LEVEL = "-O";
				VALIDATE_PRODUCT = YES;
			};
			name = Release;
		};
		14349F8528EC56F900B85C2A /* Debug */ = {
			isa = XCBuildConfiguration;
			buildSettings = {
				ASSETCATALOG_COMPILER_APPICON_NAME = AppIcon;
				ASSETCATALOG_COMPILER_GLOBAL_ACCENT_COLOR_NAME = AccentColor;
				CODE_SIGN_STYLE = Automatic;
				CURRENT_PROJECT_VERSION = 1;
				DEVELOPMENT_ASSET_PATHS = "\"Imagemoji/Preview Content\"";
				DEVELOPMENT_TEAM = 7P3G4Y9CSP;
				ENABLE_PREVIEWS = YES;
				GENERATE_INFOPLIST_FILE = YES;
				INFOPLIST_FILE = Imagemoji/Info.plist;
				INFOPLIST_KEY_UIApplicationSceneManifest_Generation = YES;
				INFOPLIST_KEY_UIApplicationSupportsIndirectInputEvents = YES;
				INFOPLIST_KEY_UILaunchScreen_Generation = YES;
				INFOPLIST_KEY_UISupportedInterfaceOrientations_iPad = "UIInterfaceOrientationPortrait UIInterfaceOrientationPortraitUpsideDown UIInterfaceOrientationLandscapeLeft UIInterfaceOrientationLandscapeRight";
				INFOPLIST_KEY_UISupportedInterfaceOrientations_iPhone = "UIInterfaceOrientationPortrait UIInterfaceOrientationLandscapeLeft UIInterfaceOrientationLandscapeRight";
				LD_RUNPATH_SEARCH_PATHS = (
					"$(inherited)",
					"@executable_path/Frameworks",
				);
				MARKETING_VERSION = 1.0;
				PRODUCT_BUNDLE_IDENTIFIER = "Marcelo-de-Arau-jo.Imagemoji";
				PRODUCT_NAME = "$(TARGET_NAME)";
				SWIFT_EMIT_LOC_STRINGS = YES;
				SWIFT_VERSION = 5.0;
				TARGETED_DEVICE_FAMILY = "1,2";
			};
			name = Debug;
		};
		14349F8628EC56F900B85C2A /* Release */ = {
			isa = XCBuildConfiguration;
			buildSettings = {
				ASSETCATALOG_COMPILER_APPICON_NAME = AppIcon;
				ASSETCATALOG_COMPILER_GLOBAL_ACCENT_COLOR_NAME = AccentColor;
				CODE_SIGN_STYLE = Automatic;
				CURRENT_PROJECT_VERSION = 1;
				DEVELOPMENT_ASSET_PATHS = "\"Imagemoji/Preview Content\"";
				DEVELOPMENT_TEAM = 7P3G4Y9CSP;
				ENABLE_PREVIEWS = YES;
				GENERATE_INFOPLIST_FILE = YES;
				INFOPLIST_FILE = Imagemoji/Info.plist;
				INFOPLIST_KEY_UIApplicationSceneManifest_Generation = YES;
				INFOPLIST_KEY_UIApplicationSupportsIndirectInputEvents = YES;
				INFOPLIST_KEY_UILaunchScreen_Generation = YES;
				INFOPLIST_KEY_UISupportedInterfaceOrientations_iPad = "UIInterfaceOrientationPortrait UIInterfaceOrientationPortraitUpsideDown UIInterfaceOrientationLandscapeLeft UIInterfaceOrientationLandscapeRight";
				INFOPLIST_KEY_UISupportedInterfaceOrientations_iPhone = "UIInterfaceOrientationPortrait UIInterfaceOrientationLandscapeLeft UIInterfaceOrientationLandscapeRight";
				LD_RUNPATH_SEARCH_PATHS = (
					"$(inherited)",
					"@executable_path/Frameworks",
				);
				MARKETING_VERSION = 1.0;
				PRODUCT_BUNDLE_IDENTIFIER = "Marcelo-de-Arau-jo.Imagemoji";
				PRODUCT_NAME = "$(TARGET_NAME)";
				SWIFT_EMIT_LOC_STRINGS = YES;
				SWIFT_VERSION = 5.0;
				TARGETED_DEVICE_FAMILY = "1,2";
			};
			name = Release;
		};
		14349F8828EC56F900B85C2A /* Debug */ = {
			isa = XCBuildConfiguration;
			buildSettings = {
				ALWAYS_EMBED_SWIFT_STANDARD_LIBRARIES = YES;
				BUNDLE_LOADER = "$(TEST_HOST)";
				CODE_SIGN_STYLE = Automatic;
				CURRENT_PROJECT_VERSION = 1;
				DEVELOPMENT_TEAM = 7P3G4Y9CSP;
				GENERATE_INFOPLIST_FILE = YES;
				IPHONEOS_DEPLOYMENT_TARGET = 16.0;
				MARKETING_VERSION = 1.0;
				PRODUCT_BUNDLE_IDENTIFIER = "Marcelo-de-Arau-jo.ImagemojiTests";
				PRODUCT_NAME = "$(TARGET_NAME)";
				SWIFT_EMIT_LOC_STRINGS = NO;
				SWIFT_VERSION = 5.0;
				TARGETED_DEVICE_FAMILY = "1,2";
				TEST_HOST = "$(BUILT_PRODUCTS_DIR)/Imagemoji.app/$(BUNDLE_EXECUTABLE_FOLDER_PATH)/Imagemoji";
			};
			name = Debug;
		};
		14349F8928EC56F900B85C2A /* Release */ = {
			isa = XCBuildConfiguration;
			buildSettings = {
				ALWAYS_EMBED_SWIFT_STANDARD_LIBRARIES = YES;
				BUNDLE_LOADER = "$(TEST_HOST)";
				CODE_SIGN_STYLE = Automatic;
				CURRENT_PROJECT_VERSION = 1;
				DEVELOPMENT_TEAM = 7P3G4Y9CSP;
				GENERATE_INFOPLIST_FILE = YES;
				IPHONEOS_DEPLOYMENT_TARGET = 16.0;
				MARKETING_VERSION = 1.0;
				PRODUCT_BUNDLE_IDENTIFIER = "Marcelo-de-Arau-jo.ImagemojiTests";
				PRODUCT_NAME = "$(TARGET_NAME)";
				SWIFT_EMIT_LOC_STRINGS = NO;
				SWIFT_VERSION = 5.0;
				TARGETED_DEVICE_FAMILY = "1,2";
				TEST_HOST = "$(BUILT_PRODUCTS_DIR)/Imagemoji.app/$(BUNDLE_EXECUTABLE_FOLDER_PATH)/Imagemoji";
			};
			name = Release;
		};
		14349F8B28EC56F900B85C2A /* Debug */ = {
			isa = XCBuildConfiguration;
			buildSettings = {
				ALWAYS_EMBED_SWIFT_STANDARD_LIBRARIES = YES;
				CODE_SIGN_STYLE = Automatic;
				CURRENT_PROJECT_VERSION = 1;
				DEVELOPMENT_TEAM = 7P3G4Y9CSP;
				GENERATE_INFOPLIST_FILE = YES;
				MARKETING_VERSION = 1.0;
				PRODUCT_BUNDLE_IDENTIFIER = "Marcelo-de-Arau-jo.ImagemojiUITests";
				PRODUCT_NAME = "$(TARGET_NAME)";
				SWIFT_EMIT_LOC_STRINGS = NO;
				SWIFT_VERSION = 5.0;
				TARGETED_DEVICE_FAMILY = "1,2";
				TEST_TARGET_NAME = Imagemoji;
			};
			name = Debug;
		};
		14349F8C28EC56F900B85C2A /* Release */ = {
			isa = XCBuildConfiguration;
			buildSettings = {
				ALWAYS_EMBED_SWIFT_STANDARD_LIBRARIES = YES;
				CODE_SIGN_STYLE = Automatic;
				CURRENT_PROJECT_VERSION = 1;
				DEVELOPMENT_TEAM = 7P3G4Y9CSP;
				GENERATE_INFOPLIST_FILE = YES;
				MARKETING_VERSION = 1.0;
				PRODUCT_BUNDLE_IDENTIFIER = "Marcelo-de-Arau-jo.ImagemojiUITests";
				PRODUCT_NAME = "$(TARGET_NAME)";
				SWIFT_EMIT_LOC_STRINGS = NO;
				SWIFT_VERSION = 5.0;
				TARGETED_DEVICE_FAMILY = "1,2";
				TEST_TARGET_NAME = Imagemoji;
			};
			name = Release;
		};
/* End XCBuildConfiguration section */

/* Begin XCConfigurationList section */
		14349F5B28EC56F800B85C2A /* Build configuration list for PBXProject "Imagemoji" */ = {
			isa = XCConfigurationList;
			buildConfigurations = (
				14349F8228EC56F900B85C2A /* Debug */,
				14349F8328EC56F900B85C2A /* Release */,
			);
			defaultConfigurationIsVisible = 0;
			defaultConfigurationName = Release;
		};
		14349F8428EC56F900B85C2A /* Build configuration list for PBXNativeTarget "Imagemoji" */ = {
			isa = XCConfigurationList;
			buildConfigurations = (
				14349F8528EC56F900B85C2A /* Debug */,
				14349F8628EC56F900B85C2A /* Release */,
			);
			defaultConfigurationIsVisible = 0;
			defaultConfigurationName = Release;
		};
		14349F8728EC56F900B85C2A /* Build configuration list for PBXNativeTarget "ImagemojiTests" */ = {
			isa = XCConfigurationList;
			buildConfigurations = (
				14349F8828EC56F900B85C2A /* Debug */,
				14349F8928EC56F900B85C2A /* Release */,
			);
			defaultConfigurationIsVisible = 0;
			defaultConfigurationName = Release;
		};
		14349F8A28EC56F900B85C2A /* Build configuration list for PBXNativeTarget "ImagemojiUITests" */ = {
			isa = XCConfigurationList;
			buildConfigurations = (
				14349F8B28EC56F900B85C2A /* Debug */,
				14349F8C28EC56F900B85C2A /* Release */,
			);
			defaultConfigurationIsVisible = 0;
			defaultConfigurationName = Release;
		};
/* End XCConfigurationList section */
	};
	rootObject = 14349F5828EC56F800B85C2A /* Project object */;
}
